
Microsoft Visual Studio Solution File, Format Version 12.00
# Visual Studio Version 16
VisualStudioVersion = 16.0.30611.23
MinimumVisualStudioVersion = 10.0.40219.1
Project("{FAE04EC0-301F-11D3-BF4B-00C04F79EFBC}") = "ConsoleAppAccountManagementSystem", "ConsoleAppAccountManagementSystem\ConsoleAppAccountManagementSystem.csproj", "{B1E38515-343B-4EA0-95FF-4D957A660AC4}"
EndProject
Global
	GlobalSection(SolutionConfigurationPlatforms) = preSolution
		Debug|Any CPU = Debug|Any CPU
		Release|Any CPU = Release|Any CPU
	EndGlobalSection
	GlobalSection(ProjectConfigurationPlatforms) = postSolution
		{B1E38515-343B-4EA0-95FF-4D957A660AC4}.Debug|Any CPU.ActiveCfg = Debug|Any CPU
		{B1E38515-343B-4EA0-95FF-4D957A660AC4}.Debug|Any CPU.Build.0 = Debug|Any CPU
		{B1E38515-343B-4EA0-95FF-4D957A660AC4}.Release|Any CPU.ActiveCfg = Release|Any CPU
		{B1E38515-343B-4EA0-95FF-4D957A660AC4}.Release|Any CPU.Build.0 = Release|Any CPU
	EndGlobalSection
	GlobalSection(SolutionProperties) = preSolution
		HideSolutionNode = FALSE
	EndGlobalSection
	GlobalSection(ExtensibilityGlobals) = postSolution
		SolutionGuid = {C8DC116E-04D2-4F16-B7CB-A01A5F41C90A}
	EndGlobalSection
EndGlobal
