
Microsoft Visual Studio Solution File, Format Version 12.00
# Visual Studio Version 16
VisualStudioVersion = 16.0.30611.23
MinimumVisualStudioVersion = 10.0.40219.1
Project("{FAE04EC0-301F-11D3-BF4B-00C04F79EFBC}") = "WFACalculator", "WFACalculator\WFACalculator.csproj", "{B9A4F183-2A2B-4FD4-9BD7-674EC7A2C50A}"
EndProject
Global
	GlobalSection(SolutionConfigurationPlatforms) = preSolution
		Debug|Any CPU = Debug|Any CPU
		Release|Any CPU = Release|Any CPU
	EndGlobalSection
	GlobalSection(ProjectConfigurationPlatforms) = postSolution
		{B9A4F183-2A2B-4FD4-9BD7-674EC7A2C50A}.Debug|Any CPU.ActiveCfg = Debug|Any CPU
		{B9A4F183-2A2B-4FD4-9BD7-674EC7A2C50A}.Debug|Any CPU.Build.0 = Debug|Any CPU
		{B9A4F183-2A2B-4FD4-9BD7-674EC7A2C50A}.Release|Any CPU.ActiveCfg = Release|Any CPU
		{B9A4F183-2A2B-4FD4-9BD7-674EC7A2C50A}.Release|Any CPU.Build.0 = Release|Any CPU
	EndGlobalSection
	GlobalSection(SolutionProperties) = preSolution
		HideSolutionNode = FALSE
	EndGlobalSection
	GlobalSection(ExtensibilityGlobals) = postSolution
		SolutionGuid = {6B38B794-3CC8-4C10-BD2F-089EE6E6E85E}
	EndGlobalSection
EndGlobal
