
Microsoft Visual Studio Solution File, Format Version 12.00
# Visual Studio Version 16
VisualStudioVersion = 16.0.30611.23
MinimumVisualStudioVersion = 10.0.40219.1
Project("{FAE04EC0-301F-11D3-BF4B-00C04F79EFBC}") = "WFAUserLogin", "WFAUserLogin\WFAUserLogin.csproj", "{FEAF3195-DB84-4C97-9859-99D96EA7CFD9}"
EndProject
Global
	GlobalSection(SolutionConfigurationPlatforms) = preSolution
		Debug|Any CPU = Debug|Any CPU
		Release|Any CPU = Release|Any CPU
	EndGlobalSection
	GlobalSection(ProjectConfigurationPlatforms) = postSolution
		{FEAF3195-DB84-4C97-9859-99D96EA7CFD9}.Debug|Any CPU.ActiveCfg = Debug|Any CPU
		{FEAF3195-DB84-4C97-9859-99D96EA7CFD9}.Debug|Any CPU.Build.0 = Debug|Any CPU
		{FEAF3195-DB84-4C97-9859-99D96EA7CFD9}.Release|Any CPU.ActiveCfg = Release|Any CPU
		{FEAF3195-DB84-4C97-9859-99D96EA7CFD9}.Release|Any CPU.Build.0 = Release|Any CPU
	EndGlobalSection
	GlobalSection(SolutionProperties) = preSolution
		HideSolutionNode = FALSE
	EndGlobalSection
	GlobalSection(ExtensibilityGlobals) = postSolution
		SolutionGuid = {1F103DD9-AE41-45AB-816C-3BE375175097}
	EndGlobalSection
EndGlobal
